// !$*UTF8*$!
{
	archiveVersion = 1;
	classes = {
	};
	objectVersion = 46;
	objects = {

/* Begin PBXBuildFile section */
		38DC9B4B1F022FCD00345821 /* AppDelegate.swift in Sources */ = {isa = PBXBuildFile; fileRef = 38DC9B4A1F022FCD00345821 /* AppDelegate.swift */; };
		38DC9B4D1F022FCD00345821 /* ViewController.swift in Sources */ = {isa = PBXBuildFile; fileRef = 38DC9B4C1F022FCD00345821 /* ViewController.swift */; };
		38DC9B501F022FCD00345821 /* Main.storyboard in Resources */ = {isa = PBXBuildFile; fileRef = 38DC9B4E1F022FCD00345821 /* Main.storyboard */; };
		38DC9B521F022FCD00345821 /* Assets.xcassets in Resources */ = {isa = PBXBuildFile; fileRef = 38DC9B511F022FCD00345821 /* Assets.xcassets */; };
		38DC9B551F022FCD00345821 /* LaunchScreen.storyboard in Resources */ = {isa = PBXBuildFile; fileRef = 38DC9B531F022FCD00345821 /* LaunchScreen.storyboard */; };
		38DC9B601F022FCD00345821 /* hjttkTests.swift in Sources */ = {isa = PBXBuildFile; fileRef = 38DC9B5F1F022FCD00345821 /* hjttkTests.swift */; };
		38DC9B6B1F022FCD00345821 /* hjttkUITests.swift in Sources */ = {isa = PBXBuildFile; fileRef = 38DC9B6A1F022FCD00345821 /* hjttkUITests.swift */; };
/* End PBXBuildFile section */

/* Begin PBXContainerItemProxy section */
		38DC9B5C1F022FCD00345821 /* PBXContainerItemProxy */ = {
			isa = PBXContainerItemProxy;
			containerPortal = 38DC9B3F1F022FCC00345821 /* Project object */;
			proxyType = 1;
			remoteGlobalIDString = 38DC9B461F022FCD00345821;
			remoteInfo = hjttk;
		};
		38DC9B671F022FCD00345821 /* PBXContainerItemProxy */ = {
			isa = PBXContainerItemProxy;
			containerPortal = 38DC9B3F1F022FCC00345821 /* Project object */;
			proxyType = 1;
			remoteGlobalIDString = 38DC9B461F022FCD00345821;
			remoteInfo = hjttk;
		};
/* End PBXContainerItemProxy section */

/* Begin PBXFileReference section */
		38DC9B471F022FCD00345821 /* hjttk.app */ = {isa = PBXFileReference; explicitFileType = wrapper.application; includeInIndex = 0; path = hjttk.app; sourceTree = BUILT_PRODUCTS_DIR; };
		38DC9B4A1F022FCD00345821 /* AppDelegate.swift */ = {isa = PBXFileReference; lastKnownFileType = sourcecode.swift; path = AppDelegate.swift; sourceTree = "<group>"; };
		38DC9B4C1F022FCD00345821 /* ViewController.swift */ = {isa = PBXFileReference; lastKnownFileType = sourcecode.swift; path = ViewController.swift; sourceTree = "<group>"; };
		38DC9B4F1F022FCD00345821 /* Base */ = {isa = PBXFileReference; lastKnownFileType = file.storyboard; name = Base; path = Base.lproj/Main.storyboard; sourceTree = "<group>"; };
		38DC9B511F022FCD00345821 /* Assets.xcassets */ = {isa = PBXFileReference; lastKnownFileType = folder.assetcatalog; path = Assets.xcassets; sourceTree = "<group>"; };
		38DC9B541F022FCD00345821 /* Base */ = {isa = PBXFileReference; lastKnownFileType = file.storyboard; name = Base; path = Base.lproj/LaunchScreen.storyboard; sourceTree = "<group>"; };
		38DC9B561F022FCD00345821 /* Info.plist */ = {isa = PBXFileReference; lastKnownFileType = text.plist.xml; path = Info.plist; sourceTree = "<group>"; };
		38DC9B5B1F022FCD00345821 /* hjttkTests.xctest */ = {isa = PBXFileReference; explicitFileType = wrapper.cfbundle; includeInIndex = 0; path = hjttkTests.xctest; sourceTree = BUILT_PRODUCTS_DIR; };
		38DC9B5F1F022FCD00345821 /* hjttkTests.swift */ = {isa = PBXFileReference; lastKnownFileType = sourcecode.swift; path = hjttkTests.swift; sourceTree = "<group>"; };
		38DC9B611F022FCD00345821 /* Info.plist */ = {isa = PBXFileReference; lastKnownFileType = text.plist.xml; path = Info.plist; sourceTree = "<group>"; };
		38DC9B661F022FCD00345821 /* hjttkUITests.xctest */ = {isa = PBXFileReference; explicitFileType = wrapper.cfbundle; includeInIndex = 0; path = hjttkUITests.xctest; sourceTree = BUILT_PRODUCTS_DIR; };
		38DC9B6A1F022FCD00345821 /* hjttkUITests.swift */ = {isa = PBXFileReference; lastKnownFileType = sourcecode.swift; path = hjttkUITests.swift; sourceTree = "<group>"; };
		38DC9B6C1F022FCD00345821 /* Info.plist */ = {isa = PBXFileReference; lastKnownFileType = text.plist.xml; path = Info.plist; sourceTree = "<group>"; };
/* End PBXFileReference section */

/* Begin PBXFrameworksBuildPhase section */
		38DC9B441F022FCD00345821 /* Frameworks */ = {
			isa = PBXFrameworksBuildPhase;
			buildActionMask = 2147483647;
			files = (
			);
			runOnlyForDeploymentPostprocessing = 0;
		};
		38DC9B581F022FCD00345821 /* Frameworks */ = {
			isa = PBXFrameworksBuildPhase;
			buildActionMask = 2147483647;
			files = (
			);
			runOnlyForDeploymentPostprocessing = 0;
		};
		38DC9B631F022FCD00345821 /* Frameworks */ = {
			isa = PBXFrameworksBuildPhase;
			buildActionMask = 2147483647;
			files = (
			);
			runOnlyForDeploymentPostprocessing = 0;
		};
/* End PBXFrameworksBuildPhase section */

/* Begin PBXGroup section */
		38DC9B3E1F022FCC00345821 = {
			isa = PBXGroup;
			children = (
				38DC9B491F022FCD00345821 /* hjttk */,
				38DC9B5E1F022FCD00345821 /* hjttkTests */,
				38DC9B691F022FCD00345821 /* hjttkUITests */,
				38DC9B481F022FCD00345821 /* Products */,
			);
			sourceTree = "<group>";
		};
		38DC9B481F022FCD00345821 /* Products */ = {
			isa = PBXGroup;
			children = (
				38DC9B471F022FCD00345821 /* hjttk.app */,
				38DC9B5B1F022FCD00345821 /* hjttkTests.xctest */,
				38DC9B661F022FCD00345821 /* hjttkUITests.xctest */,
			);
			name = Products;
			sourceTree = "<group>";
		};
		38DC9B491F022FCD00345821 /* hjttk */ = {
			isa = PBXGroup;
			children = (
				38DC9B4A1F022FCD00345821 /* AppDelegate.swift */,
				38DC9B4C1F022FCD00345821 /* ViewController.swift */,
				38DC9B4E1F022FCD00345821 /* Main.storyboard */,
				38DC9B511F022FCD00345821 /* Assets.xcassets */,
				38DC9B531F022FCD00345821 /* LaunchScreen.storyboard */,
				38DC9B561F022FCD00345821 /* Info.plist */,
			);
			path = hjttk;
			sourceTree = "<group>";
		};
		38DC9B5E1F022FCD00345821 /* hjttkTests */ = {
			isa = PBXGroup;
			children = (
				38DC9B5F1F022FCD00345821 /* hjttkTests.swift */,
				38DC9B611F022FCD00345821 /* Info.plist */,
			);
			path = hjttkTests;
			sourceTree = "<group>";
		};
		38DC9B691F022FCD00345821 /* hjttkUITests */ = {
			isa = PBXGroup;
			children = (
				38DC9B6A1F022FCD00345821 /* hjttkUITests.swift */,
				38DC9B6C1F022FCD00345821 /* Info.plist */,
			);
			path = hjttkUITests;
			sourceTree = "<group>";
		};
/* End PBXGroup section */

/* Begin PBXNativeTarget section */
		38DC9B461F022FCD00345821 /* hjttk */ = {
			isa = PBXNativeTarget;
			buildConfigurationList = 38DC9B6F1F022FCD00345821 /* Build configuration list for PBXNativeTarget "hjttk" */;
			buildPhases = (
				38DC9B431F022FCD00345821 /* Sources */,
				38DC9B441F022FCD00345821 /* Frameworks */,
				38DC9B451F022FCD00345821 /* Resources */,
			);
			buildRules = (
			);
			dependencies = (
			);
			name = hjttk;
			productName = hjttk;
			productReference = 38DC9B471F022FCD00345821 /* hjttk.app */;
			productType = "com.apple.product-type.application";
		};
		38DC9B5A1F022FCD00345821 /* hjttkTests */ = {
			isa = PBXNativeTarget;
			buildConfigurationList = 38DC9B721F022FCD00345821 /* Build configuration list for PBXNativeTarget "hjttkTests" */;
			buildPhases = (
				38DC9B571F022FCD00345821 /* Sources */,
				38DC9B581F022FCD00345821 /* Frameworks */,
				38DC9B591F022FCD00345821 /* Resources */,
			);
			buildRules = (
			);
			dependencies = (
				38DC9B5D1F022FCD00345821 /* PBXTargetDependency */,
			);
			name = hjttkTests;
			productName = hjttkTests;
			productReference = 38DC9B5B1F022FCD00345821 /* hjttkTests.xctest */;
			productType = "com.apple.product-type.bundle.unit-test";
		};
		38DC9B651F022FCD00345821 /* hjttkUITests */ = {
			isa = PBXNativeTarget;
			buildConfigurationList = 38DC9B751F022FCD00345821 /* Build configuration list for PBXNativeTarget "hjttkUITests" */;
			buildPhases = (
				38DC9B621F022FCD00345821 /* Sources */,
				38DC9B631F022FCD00345821 /* Frameworks */,
				38DC9B641F022FCD00345821 /* Resources */,
			);
			buildRules = (
			);
			dependencies = (
				38DC9B681F022FCD00345821 /* PBXTargetDependency */,
			);
			name = hjttkUITests;
			productName = hjttkUITests;
			productReference = 38DC9B661F022FCD00345821 /* hjttkUITests.xctest */;
			productType = "com.apple.product-type.bundle.ui-testing";
		};
/* End PBXNativeTarget section */

/* Begin PBXProject section */
		38DC9B3F1F022FCC00345821 /* Project object */ = {
			isa = PBXProject;
			attributes = {
				LastSwiftUpdateCheck = 0820;
				LastUpgradeCheck = 0820;
				ORGANIZATIONNAME = yunhang;
				TargetAttributes = {
					38DC9B461F022FCD00345821 = {
						CreatedOnToolsVersion = 8.2.1;
						ProvisioningStyle = Automatic;
					};
					38DC9B5A1F022FCD00345821 = {
						CreatedOnToolsVersion = 8.2.1;
						ProvisioningStyle = Automatic;
						TestTargetID = 38DC9B461F022FCD00345821;
					};
					38DC9B651F022FCD00345821 = {
						CreatedOnToolsVersion = 8.2.1;
						ProvisioningStyle = Automatic;
						TestTargetID = 38DC9B461F022FCD00345821;
					};
				};
			};
			buildConfigurationList = 38DC9B421F022FCC00345821 /* Build configuration list for PBXProject "hjttk" */;
			compatibilityVersion = "Xcode 3.2";
			developmentRegion = English;
			hasScannedForEncodings = 0;
			knownRegions = (
				en,
				Base,
			);
			mainGroup = 38DC9B3E1F022FCC00345821;
			productRefGroup = 38DC9B481F022FCD00345821 /* Products */;
			projectDirPath = "";
			projectRoot = "";
			targets = (
				38DC9B461F022FCD00345821 /* hjttk */,
				38DC9B5A1F022FCD00345821 /* hjttkTests */,
				38DC9B651F022FCD00345821 /* hjttkUITests */,
			);
		};
/* End PBXProject section */

/* Begin PBXResourcesBuildPhase section */
		38DC9B451F022FCD00345821 /* Resources */ = {
			isa = PBXResourcesBuildPhase;
			buildActionMask = 2147483647;
			files = (
				38DC9B551F022FCD00345821 /* LaunchScreen.storyboard in Resources */,
				38DC9B521F022FCD00345821 /* Assets.xcassets in Resources */,
				38DC9B501F022FCD00345821 /* Main.storyboard in Resources */,
			);
			runOnlyForDeploymentPostprocessing = 0;
		};
		38DC9B591F022FCD00345821 /* Resources */ = {
			isa = PBXResourcesBuildPhase;
			buildActionMask = 2147483647;
			files = (
			);
			runOnlyForDeploymentPostprocessing = 0;
		};
		38DC9B641F022FCD00345821 /* Resources */ = {
			isa = PBXResourcesBuildPhase;
			buildActionMask = 2147483647;
			files = (
			);
			runOnlyForDeploymentPostprocessing = 0;
		};
/* End PBXResourcesBuildPhase section */

/* Begin PBXSourcesBuildPhase section */
		38DC9B431F022FCD00345821 /* Sources */ = {
			isa = PBXSourcesBuildPhase;
			buildActionMask = 2147483647;
			files = (
				38DC9B4D1F022FCD00345821 /* ViewController.swift in Sources */,
				38DC9B4B1F022FCD00345821 /* AppDelegate.swift in Sources */,
			);
			runOnlyForDeploymentPostprocessing = 0;
		};
		38DC9B571F022FCD00345821 /* Sources */ = {
			isa = PBXSourcesBuildPhase;
			buildActionMask = 2147483647;
			files = (
				38DC9B601F022FCD00345821 /* hjttkTests.swift in Sources */,
			);
			runOnlyForDeploymentPostprocessing = 0;
		};
		38DC9B621F022FCD00345821 /* Sources */ = {
			isa = PBXSourcesBuildPhase;
			buildActionMask = 2147483647;
			files = (
				38DC9B6B1F022FCD00345821 /* hjttkUITests.swift in Sources */,
			);
			runOnlyForDeploymentPostprocessing = 0;
		};
/* End PBXSourcesBuildPhase section */

/* Begin PBXTargetDependency section */
		38DC9B5D1F022FCD00345821 /* PBXTargetDependency */ = {
			isa = PBXTargetDependency;
			target = 38DC9B461F022FCD00345821 /* hjttk */;
			targetProxy = 38DC9B5C1F022FCD00345821 /* PBXContainerItemProxy */;
		};
		38DC9B681F022FCD00345821 /* PBXTargetDependency */ = {
			isa = PBXTargetDependency;
			target = 38DC9B461F022FCD00345821 /* hjttk */;
			targetProxy = 38DC9B671F022FCD00345821 /* PBXContainerItemProxy */;
		};
/* End PBXTargetDependency section */

/* Begin PBXVariantGroup section */
		38DC9B4E1F022FCD00345821 /* Main.storyboard */ = {
			isa = PBXVariantGroup;
			children = (
				38DC9B4F1F022FCD00345821 /* Base */,
			);
			name = Main.storyboard;
			sourceTree = "<group>";
		};
		38DC9B531F022FCD00345821 /* LaunchScreen.storyboard */ = {
			isa = PBXVariantGroup;
			children = (
				38DC9B541F022FCD00345821 /* Base */,
			);
			name = LaunchScreen.storyboard;
			sourceTree = "<group>";
		};
/* End PBXVariantGroup section */

/* Begin XCBuildConfiguration section */
		38DC9B6D1F022FCD00345821 /* Debug */ = {
			isa = XCBuildConfiguration;
			buildSettings = {
				ALWAYS_SEARCH_USER_PATHS = NO;
				CLANG_ANALYZER_NONNULL = YES;
				CLANG_CXX_LANGUAGE_STANDARD = "gnu++0x";
				CLANG_CXX_LIBRARY = "libc++";
				CLANG_ENABLE_MODULES = YES;
				CLANG_ENABLE_OBJC_ARC = YES;
				CLANG_WARN_BOOL_CONVERSION = YES;
				CLANG_WARN_CONSTANT_CONVERSION = YES;
				CLANG_WARN_DIRECT_OBJC_ISA_USAGE = YES_ERROR;
				CLANG_WARN_DOCUMENTATION_COMMENTS = YES;
				CLANG_WARN_EMPTY_BODY = YES;
				CLANG_WARN_ENUM_CONVERSION = YES;
				CLANG_WARN_INFINITE_RECURSION = YES;
				CLANG_WARN_INT_CONVERSION = YES;
				CLANG_WARN_OBJC_ROOT_CLASS = YES_ERROR;
				CLANG_WARN_SUSPICIOUS_MOVE = YES;
				CLANG_WARN_UNREACHABLE_CODE = YES;
				CLANG_WARN__DUPLICATE_METHOD_MATCH = YES;
				"CODE_SIGN_IDENTITY[sdk=iphoneos*]" = "iPhone Developer";
				COPY_PHASE_STRIP = NO;
				DEBUG_INFORMATION_FORMAT = dwarf;
				ENABLE_STRICT_OBJC_MSGSEND = YES;
				ENABLE_TESTABILITY = YES;
				GCC_C_LANGUAGE_STANDARD = gnu99;
				GCC_DYNAMIC_NO_PIC = NO;
				GCC_NO_COMMON_BLOCKS = YES;
				GCC_OPTIMIZATION_LEVEL = 0;
				GCC_PREPROCESSOR_DEFINITIONS = (
					"DEBUG=1",
					"$(inherited)",
				);
				GCC_WARN_64_TO_32_BIT_CONVERSION = YES;
				GCC_WARN_ABOUT_RETURN_TYPE = YES_ERROR;
				GCC_WARN_UNDECLARED_SELECTOR = YES;
				GCC_WARN_UNINITIALIZED_AUTOS = YES_AGGRESSIVE;
				GCC_WARN_UNUSED_FUNCTION = YES;
				GCC_WARN_UNUSED_VARIABLE = YES;
				IPHONEOS_DEPLOYMENT_TARGET = 10.2;
				MTL_ENABLE_DEBUG_INFO = YES;
				ONLY_ACTIVE_ARCH = YES;
				SDKROOT = iphoneos;
				SWIFT_ACTIVE_COMPILATION_CONDITIONS = DEBUG;
				SWIFT_OPTIMIZATION_LEVEL = "-Onone";
				TARGETED_DEVICE_FAMILY = "1,2";
			};
			name = Debug;
		};
		38DC9B6E1F022FCD00345821 /* Release */ = {
			isa = XCBuildConfiguration;
			buildSettings = {
				ALWAYS_SEARCH_USER_PATHS = NO;
				CLANG_ANALYZER_NONNULL = YES;
				CLANG_CXX_LANGUAGE_STANDARD = "gnu++0x";
				CLANG_CXX_LIBRARY = "libc++";
				CLANG_ENABLE_MODULES = YES;
				CLANG_ENABLE_OBJC_ARC = YES;
				CLANG_WARN_BOOL_CONVERSION = YES;
				CLANG_WARN_CONSTANT_CONVERSION = YES;
				CLANG_WARN_DIRECT_OBJC_ISA_USAGE = YES_ERROR;
				CLANG_WARN_DOCUMENTATION_COMMENTS = YES;
				CLANG_WARN_EMPTY_BODY = YES;
				CLANG_WARN_ENUM_CONVERSION = YES;
				CLANG_WARN_INFINITE_RECURSION = YES;
				CLANG_WARN_INT_CONVERSION = YES;
				CLANG_WARN_OBJC_ROOT_CLASS = YES_ERROR;
				CLANG_WARN_SUSPICIOUS_MOVE = YES;
				CLANG_WARN_UNREACHABLE_CODE = YES;
				CLANG_WARN__DUPLICATE_METHOD_MATCH = YES;
				"CODE_SIGN_IDENTITY[sdk=iphoneos*]" = "iPhone Developer";
				COPY_PHASE_STRIP = NO;
				DEBUG_INFORMATION_FORMAT = "dwarf-with-dsym";
				ENABLE_NS_ASSERTIONS = NO;
				ENABLE_STRICT_OBJC_MSGSEND = YES;
				GCC_C_LANGUAGE_STANDARD = gnu99;
				GCC_NO_COMMON_BLOCKS = YES;
				GCC_WARN_64_TO_32_BIT_CONVERSION = YES;
				GCC_WARN_ABOUT_RETURN_TYPE = YES_ERROR;
				GCC_WARN_UNDECLARED_SELECTOR = YES;
				GCC_WARN_UNINITIALIZED_AUTOS = YES_AGGRESSIVE;
				GCC_WARN_UNUSED_FUNCTION = YES;
				GCC_WARN_UNUSED_VARIABLE = YES;
				IPHONEOS_DEPLOYMENT_TARGET = 10.2;
				MTL_ENABLE_DEBUG_INFO = NO;
				SDKROOT = iphoneos;
				SWIFT_OPTIMIZATION_LEVEL = "-Owholemodule";
				TARGETED_DEVICE_FAMILY = "1,2";
				VALIDATE_PRODUCT = YES;
			};
			name = Release;
		};
		38DC9B701F022FCD00345821 /* Debug */ = {
			isa = XCBuildConfiguration;
			buildSettings = {
				ASSETCATALOG_COMPILER_APPICON_NAME = AppIcon;
				INFOPLIST_FILE = hjttk/Info.plist;
				LD_RUNPATH_SEARCH_PATHS = "$(inherited) @executable_path/Frameworks";
				PRODUCT_BUNDLE_IDENTIFIER = dianzhi.hjttk;
				PRODUCT_NAME = "$(TARGET_NAME)";
				SWIFT_VERSION = 3.0;
			};
			name = Debug;
		};
		38DC9B711F022FCD00345821 /* Release */ = {
			isa = XCBuildConfiguration;
			buildSettings = {
				ASSETCATALOG_COMPILER_APPICON_NAME = AppIcon;
				INFOPLIST_FILE = hjttk/Info.plist;
				LD_RUNPATH_SEARCH_PATHS = "$(inherited) @executable_path/Frameworks";
				PRODUCT_BUNDLE_IDENTIFIER = dianzhi.hjttk;
				PRODUCT_NAME = "$(TARGET_NAME)";
				SWIFT_VERSION = 3.0;
			};
			name = Release;
		};
		38DC9B731F022FCD00345821 /* Debug */ = {
			isa = XCBuildConfiguration;
			buildSettings = {
				ALWAYS_EMBED_SWIFT_STANDARD_LIBRARIES = YES;
				BUNDLE_LOADER = "$(TEST_HOST)";
				INFOPLIST_FILE = hjttkTests/Info.plist;
				LD_RUNPATH_SEARCH_PATHS = "$(inherited) @executable_path/Frameworks @loader_path/Frameworks";
				PRODUCT_BUNDLE_IDENTIFIER = dianzhi.hjttkTests;
				PRODUCT_NAME = "$(TARGET_NAME)";
				SWIFT_VERSION = 3.0;
				TEST_HOST = "$(BUILT_PRODUCTS_DIR)/hjttk.app/hjttk";
			};
			name = Debug;
		};
		38DC9B741F022FCD00345821 /* Release */ = {
			isa = XCBuildConfiguration;
			buildSettings = {
				ALWAYS_EMBED_SWIFT_STANDARD_LIBRARIES = YES;
				BUNDLE_LOADER = "$(TEST_HOST)";
				INFOPLIST_FILE = hjttkTests/Info.plist;
				LD_RUNPATH_SEARCH_PATHS = "$(inherited) @executable_path/Frameworks @loader_path/Frameworks";
				PRODUCT_BUNDLE_IDENTIFIER = dianzhi.hjttkTests;
				PRODUCT_NAME = "$(TARGET_NAME)";
				SWIFT_VERSION = 3.0;
				TEST_HOST = "$(BUILT_PRODUCTS_DIR)/hjttk.app/hjttk";
			};
			name = Release;
		};
		38DC9B761F022FCD00345821 /* Debug */ = {
			isa = XCBuildConfiguration;
			buildSettings = {
				ALWAYS_EMBED_SWIFT_STANDARD_LIBRARIES = YES;
				INFOPLIST_FILE = hjttkUITests/Info.plist;
				LD_RUNPATH_SEARCH_PATHS = "$(inherited) @executable_path/Frameworks @loader_path/Frameworks";
				PRODUCT_BUNDLE_IDENTIFIER = dianzhi.hjttkUITests;
				PRODUCT_NAME = "$(TARGET_NAME)";
				SWIFT_VERSION = 3.0;
				TEST_TARGET_NAME = hjttk;
			};
			name = Debug;
		};
		38DC9B771F022FCD00345821 /* Release */ = {
			isa = XCBuildConfiguration;
			buildSettings = {
				ALWAYS_EMBED_SWIFT_STANDARD_LIBRARIES = YES;
				INFOPLIST_FILE = hjttkUITests/Info.plist;
				LD_RUNPATH_SEARCH_PATHS = "$(inherited) @executable_path/Frameworks @loader_path/Frameworks";
				PRODUCT_BUNDLE_IDENTIFIER = dianzhi.hjttkUITests;
				PRODUCT_NAME = "$(TARGET_NAME)";
				SWIFT_VERSION = 3.0;
				TEST_TARGET_NAME = hjttk;
			};
			name = Release;
		};
/* End XCBuildConfiguration section */

/* Begin XCConfigurationList section */
		38DC9B421F022FCC00345821 /* Build configuration list for PBXProject "hjttk" */ = {
			isa = XCConfigurationList;
			buildConfigurations = (
				38DC9B6D1F022FCD00345821 /* Debug */,
				38DC9B6E1F022FCD00345821 /* Release */,
			);
			defaultConfigurationIsVisible = 0;
			defaultConfigurationName = Release;
		};
		38DC9B6F1F022FCD00345821 /* Build configuration list for PBXNativeTarget "hjttk" */ = {
			isa = XCConfigurationList;
			buildConfigurations = (
				38DC9B701F022FCD00345821 /* Debug */,
				38DC9B711F022FCD00345821 /* Release */,
			);
			defaultConfigurationIsVisible = 0;
		};
		38DC9B721F022FCD00345821 /* Build configuration list for PBXNativeTarget "hjttkTests" */ = {
			isa = XCConfigurationList;
			buildConfigurations = (
				38DC9B731F022FCD00345821 /* Debug */,
				38DC9B741F022FCD00345821 /* Release */,
			);
			defaultConfigurationIsVisible = 0;
		};
		38DC9B751F022FCD00345821 /* Build configuration list for PBXNativeTarget "hjttkUITests" */ = {
			isa = XCConfigurationList;
			buildConfigurations = (
				38DC9B761F022FCD00345821 /* Debug */,
				38DC9B771F022FCD00345821 /* Release */,
			);
			defaultConfigurationIsVisible = 0;
		};
/* End XCConfigurationList section */
	};
	rootObject = 38DC9B3F1F022FCC00345821 /* Project object */;
}
